// !$*UTF8*$!
{
	archiveVersion = 1;
	classes = {
	};
	objectVersion = 77;
	objects = {

/* Begin PBXBuildFile section */
		45A2AA8B02C81A1120DD8575 /* PorizoAppTests.swift in Sources */ = {isa = PBXBuildFile; fileRef = 2091207008B919635E18D36A /* PorizoAppTests.swift */; };
		47A444B550C8A4E76FB4B8B8 /* WarmCanvasFlowRobustnessTests.swift in Sources */ = {isa = PBXBuildFile; fileRef = EE0CD6A49851A32FDCBA08D8 /* WarmCanvasFlowRobustnessTests.swift */; };
		7C7B0DA6226E8E05B8ACB723 /* Foundation.framework in Frameworks */ = {isa = PBXBuildFile; fileRef = 26659D1834DD6EF1AEE67805 /* Foundation.framework */; };
		94F467D80E53413686E7F658 /* BackgroundTaskManagerTests.swift in Sources */ = {isa = PBXBuildFile; fileRef = D3CC5BD0977E42E99B50ADFF /* BackgroundTaskManagerTests.swift */; };
		A1B2C3D4E5F60718192A3B4C /* WAVWriterTests.swift in Sources */ = {isa = PBXBuildFile; fileRef = D1E2F3A4B5C60718293A4B5D /* WAVWriterTests.swift */; };
		A1B2C3D4E5F6A7B8C9D0E1F2 /* OneSignalFramework in Frameworks */ = {isa = PBXBuildFile; productRef = B2C3D4E5F6A7B8C9D0E1F2A3 /* OneSignalFramework */; };
		A34F0489F3E9AD9E69473B62 /* FacebookCore in Frameworks */ = {isa = PBXBuildFile; productRef = 8CBBA884DAF16B77F3B24AFC /* FacebookCore */; };
		A560F92B3AC8AF9CB7FB056B /* AdServices.framework in Frameworks */ = {isa = PBXBuildFile; fileRef = C21605D8656A2E544391B0FD /* AdServices.framework */; settings = {ATTRIBUTES = (Weak, ); }; };
		B1C2D3E4F5061829A3B4C5D6 /* RenderPollingServiceTests.swift in Sources */ = {isa = PBXBuildFile; fileRef = E2F3A4B5C6071829D4E5F6A7 /* RenderPollingServiceTests.swift */; };
		C173AAB02F24754C00DAC87A /* FirebaseCrashlytics in Frameworks */ = {isa = PBXBuildFile; productRef = C173AAAF2F24754C00DAC87A /* FirebaseCrashlytics */; };
		C173AAB22F24754C00DAC87B /* FirebaseAnalytics in Frameworks */ = {isa = PBXBuildFile; productRef = C173AAB12F24754C00DAC87B /* FirebaseAnalytics */; };
		C2D3E4F5A6172839B4C5D6E7 /* LocalNotificationServiceTests.swift in Sources */ = {isa = PBXBuildFile; fileRef = F3A4B5C6D7182939E5F6A7B8 /* LocalNotificationServiceTests.swift */; };
		C3D4E5F6A7B8C9D0E1F2A3B4 /* OneSignalExtension in Frameworks */ = {isa = PBXBuildFile; productRef = D4E5F6A7B8C9D0E1F2A3B4C5 /* OneSignalExtension */; };
		D4E5F6A7B8C9182939F1A2B3 /* BackgroundURLSessionManagerTests.swift in Sources */ = {isa = PBXBuildFile; fileRef = A5B6C7D8E9F01A2B3C4D5E6F /* BackgroundURLSessionManagerTests.swift */; };
		E5F6A7B8C9D0E1F2A3B4C5D6 /* NotificationService.swift in Sources */ = {isa = PBXBuildFile; fileRef = F6A7B8C9D0E1F2A3B4C5D6E7 /* NotificationService.swift */; };
		E6F7A8B9C0D12E3F4A5B6C7D /* PushNotificationTests.swift in Sources */ = {isa = PBXBuildFile; fileRef = G7H8I9J0K1L23M4N5O6P7Q8R /* PushNotificationTests.swift */; };
		E9F14A2F5D7E8B9012345678 /* TikTokOpenSDKCore in Frameworks */ = {isa = PBXBuildFile; productRef = E9F14A2D5D7E8B9012345678 /* TikTokOpenSDKCore */; };
		E9F14A305D7E8B9012345678 /* TikTokOpenShareSDK in Frameworks */ = {isa = PBXBuildFile; productRef = E9F14A2E5D7E8B9012345678 /* TikTokOpenShareSDK */; };
		F1A2B3C4D5E6F7089A1B2C3D /* AmplitudeSwift in Frameworks */ = {isa = PBXBuildFile; productRef = F1A2B3C4D5E6F7089A1B2C3E /* AmplitudeSwift */; };
		F7A8B9C0D1E2F3A4B5C6D7E8 /* AuthManagerTests.swift in Sources */ = {isa = PBXBuildFile; fileRef = H8I9J0K1L2M34N5O6P7Q8R9S /* AuthManagerTests.swift */; };
		I9J0K1L2M3N45O6P7Q8R9S0T /* AuthProtectedDataTests.swift in Sources */ = {isa = PBXBuildFile; fileRef = J0K1L2M3N4O56P7Q8R9S0T1U /* AuthProtectedDataTests.swift */; };
		K1L2M3N4O5P67Q8R9S0T1U2V /* AuthManagerRaceConditionTests.swift in Sources */ = {isa = PBXBuildFile; fileRef = L2M3N4O5P6Q78R9S0T1U2V3W /* AuthManagerRaceConditionTests.swift */; };
		M3N4O5P6Q7R89S0T1U2V3W4X /* PlaybackControllerTests.swift in Sources */ = {isa = PBXBuildFile; fileRef = N4O5P6Q7R8S90T1U2V3W4X5Y /* PlaybackControllerTests.swift */; };
		O5P6Q7R8S9T01U2V3W4X5Y6Z /* TrackCreationControllerTests.swift in Sources */ = {isa = PBXBuildFile; fileRef = P6Q7R8S9T0U12V3W4X5Y6Z7A /* TrackCreationControllerTests.swift */; };
		Q7R8S9T0U1V23W4X5Y6Z7A8B /* LyricsReviewControllerTests.swift in Sources */ = {isa = PBXBuildFile; fileRef = R8S9T0U1V2W34X5Y6Z7A8B9C /* LyricsReviewControllerTests.swift */; };
/* End PBXBuildFile section */

/* Begin PBXContainerItemProxy section */
		957DF7FCC04AB2A4F86C7D0F /* PBXContainerItemProxy */ = {
			isa = PBXContainerItemProxy;
			containerPortal = C125A47F2F05F57600120F9A /* Project object */;
			proxyType = 1;
			remoteGlobalIDString = C125A4862F05F57600120F9A;
			remoteInfo = PorizoApp;
		};
		F2A3B4C5D6E7F8A9B0C1D2E3 /* PBXContainerItemProxy */ = {
			isa = PBXContainerItemProxy;
			containerPortal = C125A47F2F05F57600120F9A /* Project object */;
			proxyType = 1;
			remoteGlobalIDString = A3B4C5D6E7F8A9B0C1D2E3F4;
			remoteInfo = PorizoNotificationServiceExtension;
		};
/* End PBXContainerItemProxy section */

/* Begin PBXFileReference section */
		2091207008B919635E18D36A /* PorizoAppTests.swift */ = {isa = PBXFileReference; includeInIndex = 1; lastKnownFileType = sourcecode.swift; name = PorizoAppTests.swift; path = PorizoAppTests/PorizoAppTests.swift; sourceTree = "<group>"; };
		26659D1834DD6EF1AEE67805 /* Foundation.framework */ = {isa = PBXFileReference; lastKnownFileType = wrapper.framework; name = Foundation.framework; path = Platforms/iPhoneOS.platform/Developer/SDKs/iPhoneOS18.0.sdk/System/Library/Frameworks/Foundation.framework; sourceTree = DEVELOPER_DIR; };
		A5B6C7D8E9F01A2B3C4D5E6F /* BackgroundURLSessionManagerTests.swift */ = {isa = PBXFileReference; includeInIndex = 1; lastKnownFileType = sourcecode.swift; name = BackgroundURLSessionManagerTests.swift; path = PorizoAppTests/BackgroundURLSessionManagerTests.swift; sourceTree = "<group>"; };
		A7B8C9D0E1F2A3B4C5D6E7F8 /* PorizoNotificationServiceExtension.appex */ = {isa = PBXFileReference; explicitFileType = "wrapper.app-extension"; includeInIndex = 0; path = PorizoNotificationServiceExtension.appex; sourceTree = BUILT_PRODUCTS_DIR; };
		C125A4872F05F57600120F9A /* PorizoApp.app */ = {isa = PBXFileReference; explicitFileType = wrapper.application; includeInIndex = 0; path = PorizoApp.app; sourceTree = BUILT_PRODUCTS_DIR; };
		C18260582F3701FB002A0AFA /* PorizoApp.xcodeproj */ = {isa = PBXFileReference; lastKnownFileType = "wrapper.pb-project"; path = PorizoApp.xcodeproj; sourceTree = "<group>"; };
		C19580C42F31AD880023BE47 /* PorizoApp.xcodeproj */ = {isa = PBXFileReference; lastKnownFileType = "wrapper.pb-project"; path = PorizoApp.xcodeproj; sourceTree = "<group>"; };
		C1958C872F31DC8E0023BE47 /* PorizoApp.xcodeproj */ = {isa = PBXFileReference; lastKnownFileType = "wrapper.pb-project"; path = PorizoApp.xcodeproj; sourceTree = "<group>"; };
		C1958D962F31FAB10023BE47 /* PorizoApp.xcodeproj */ = {isa = PBXFileReference; lastKnownFileType = "wrapper.pb-project"; path = PorizoApp.xcodeproj; sourceTree = "<group>"; };
		C1958FBB2F334D5A0023BE47 /* PorizoApp.xcodeproj */ = {isa = PBXFileReference; lastKnownFileType = "wrapper.pb-project"; path = PorizoApp.xcodeproj; sourceTree = "<group>"; };
		C19594C72F34AE420023BE47 /* PorizoApp.xcodeproj */ = {isa = PBXFileReference; lastKnownFileType = "wrapper.pb-project"; path = PorizoApp.xcodeproj; sourceTree = "<group>"; };
		C21605D8656A2E544391B0FD /* AdServices.framework */ = {isa = PBXFileReference; lastKnownFileType = wrapper.framework; name = AdServices.framework; path = System/Library/Frameworks/AdServices.framework; sourceTree = SDKROOT; };
		D1E2F3A4B5C60718293A4B5D /* WAVWriterTests.swift */ = {isa = PBXFileReference; includeInIndex = 1; lastKnownFileType = sourcecode.swift; name = WAVWriterTests.swift; path = PorizoAppTests/WAVWriterTests.swift; sourceTree = "<group>"; };
		D3CC5BD0977E42E99B50ADFF /* BackgroundTaskManagerTests.swift */ = {isa = PBXFileReference; includeInIndex = 1; lastKnownFileType = sourcecode.swift; name = BackgroundTaskManagerTests.swift; path = PorizoAppTests/BackgroundTaskManagerTests.swift; sourceTree = "<group>"; };
		E2F3A4B5C6071829D4E5F6A7 /* RenderPollingServiceTests.swift */ = {isa = PBXFileReference; includeInIndex = 1; lastKnownFileType = sourcecode.swift; name = RenderPollingServiceTests.swift; path = PorizoAppTests/RenderPollingServiceTests.swift; sourceTree = "<group>"; };
		EE0CD6A49851A32FDCBA08D8 /* WarmCanvasFlowRobustnessTests.swift */ = {isa = PBXFileReference; includeInIndex = 1; lastKnownFileType = sourcecode.swift; name = WarmCanvasFlowRobustnessTests.swift; path = PorizoAppTests/WarmCanvasFlowRobustnessTests.swift; sourceTree = SOURCE_ROOT; };
		F3A4B5C6D7182939E5F6A7B8 /* LocalNotificationServiceTests.swift */ = {isa = PBXFileReference; includeInIndex = 1; lastKnownFileType = sourcecode.swift; name = LocalNotificationServiceTests.swift; path = PorizoAppTests/LocalNotificationServiceTests.swift; sourceTree = "<group>"; };
		F6A7B8C9D0E1F2A3B4C5D6E7 /* NotificationService.swift */ = {isa = PBXFileReference; lastKnownFileType = sourcecode.swift; path = NotificationService.swift; sourceTree = "<group>"; };
		FA4B246E9A4F023E692E0CEA /* PorizoAppTests.xctest */ = {isa = PBXFileReference; explicitFileType = wrapper.cfbundle; includeInIndex = 0; path = PorizoAppTests.xctest; sourceTree = BUILT_PRODUCTS_DIR; };
		G7H8I9J0K1L23M4N5O6P7Q8R /* PushNotificationTests.swift */ = {isa = PBXFileReference; includeInIndex = 1; lastKnownFileType = sourcecode.swift; name = PushNotificationTests.swift; path = PorizoAppTests/PushNotificationTests.swift; sourceTree = "<group>"; };
		H8I9J0K1L2M34N5O6P7Q8R9S /* AuthManagerTests.swift */ = {isa = PBXFileReference; includeInIndex = 1; lastKnownFileType = sourcecode.swift; name = AuthManagerTests.swift; path = PorizoAppTests/AuthManagerTests.swift; sourceTree = "<group>"; };
		J0K1L2M3N4O56P7Q8R9S0T1U /* AuthProtectedDataTests.swift */ = {isa = PBXFileReference; includeInIndex = 1; lastKnownFileType = sourcecode.swift; name = AuthProtectedDataTests.swift; path = PorizoAppTests/AuthProtectedDataTests.swift; sourceTree = "<group>"; };
		L2M3N4O5P6Q78R9S0T1U2V3W /* AuthManagerRaceConditionTests.swift */ = {isa = PBXFileReference; includeInIndex = 1; lastKnownFileType = sourcecode.swift; name = AuthManagerRaceConditionTests.swift; path = PorizoAppTests/AuthManagerRaceConditionTests.swift; sourceTree = "<group>"; };
		N4O5P6Q7R8S90T1U2V3W4X5Y /* PlaybackControllerTests.swift */ = {isa = PBXFileReference; includeInIndex = 1; lastKnownFileType = sourcecode.swift; name = PlaybackControllerTests.swift; path = PorizoAppTests/PlaybackControllerTests.swift; sourceTree = "<group>"; };
		P6Q7R8S9T0U12V3W4X5Y6Z7A /* TrackCreationControllerTests.swift */ = {isa = PBXFileReference; includeInIndex = 1; lastKnownFileType = sourcecode.swift; name = TrackCreationControllerTests.swift; path = PorizoAppTests/TrackCreationControllerTests.swift; sourceTree = "<group>"; };
		R8S9T0U1V2W34X5Y6Z7A8B9C /* LyricsReviewControllerTests.swift */ = {isa = PBXFileReference; includeInIndex = 1; lastKnownFileType = sourcecode.swift; name = LyricsReviewControllerTests.swift; path = PorizoAppTests/LyricsReviewControllerTests.swift; sourceTree = "<group>"; };
/* End PBXFileReference section */

/* Begin PBXFileSystemSynchronizedRootGroup section */
		C125A4892F05F57600120F9A /* PorizoApp */ = {
			isa = PBXFileSystemSynchronizedRootGroup;
			exceptions = (
			);
			path = PorizoApp;
			sourceTree = "<group>";
		};
/* End PBXFileSystemSynchronizedRootGroup section */

/* Begin PBXFrameworksBuildPhase section */
		66A18B33C5CE72703CE4F9D6 /* Frameworks */ = {
			isa = PBXFrameworksBuildPhase;
			buildActionMask = 2147483647;
			files = (
				7C7B0DA6226E8E05B8ACB723 /* Foundation.framework in Frameworks */,
			);
			runOnlyForDeploymentPostprocessing = 0;
		};
		C125A4842F05F57600120F9A /* Frameworks */ = {
			isa = PBXFrameworksBuildPhase;
			buildActionMask = 2147483647;
			files = (
				C173AAB02F24754C00DAC87A /* FirebaseCrashlytics in Frameworks */,
				C173AAB22F24754C00DAC87B /* FirebaseAnalytics in Frameworks */,
				F1A2B3C4D5E6F7089A1B2C3D /* AmplitudeSwift in Frameworks */,
				E9F14A2F5D7E8B9012345678 /* TikTokOpenSDKCore in Frameworks */,
				E9F14A305D7E8B9012345678 /* TikTokOpenShareSDK in Frameworks */,
				A1B2C3D4E5F6A7B8C9D0E1F2 /* OneSignalFramework in Frameworks */,
				A34F0489F3E9AD9E69473B62 /* FacebookCore in Frameworks */,
				A560F92B3AC8AF9CB7FB056B /* AdServices.framework in Frameworks */,
			);
			runOnlyForDeploymentPostprocessing = 0;
		};
		C9D0E1F2A3B4C5D6E7F8A9B0 /* Frameworks */ = {
			isa = PBXFrameworksBuildPhase;
			buildActionMask = 2147483647;
			files = (
				C3D4E5F6A7B8C9D0E1F2A3B4 /* OneSignalExtension in Frameworks */,
			);
			runOnlyForDeploymentPostprocessing = 0;
		};
/* End PBXFrameworksBuildPhase section */

/* Begin PBXGroup section */
		0D8D034CB9C0CFD33FA9B9A2 /* iOS */ = {
			isa = PBXGroup;
			children = (
				26659D1834DD6EF1AEE67805 /* Foundation.framework */,
			);
			name = iOS;
			sourceTree = "<group>";
		};
		B8C9D0E1F2A3B4C5D6E7F8A9 /* PorizoNotificationServiceExtension */ = {
			isa = PBXGroup;
			children = (
				F6A7B8C9D0E1F2A3B4C5D6E7 /* NotificationService.swift */,
			);
			path = PorizoNotificationServiceExtension;
			sourceTree = "<group>";
		};
		C125A47E2F05F57600120F9A = {
			isa = PBXGroup;
			children = (
				C125A4892F05F57600120F9A /* PorizoApp */,
				B8C9D0E1F2A3B4C5D6E7F8A9 /* PorizoNotificationServiceExtension */,
				C125A4882F05F57600120F9A /* Products */,
				F42E208BD3CA9F975502FE9C /* Frameworks */,
				D3E9CCFCBDA2A9CA3FCA6EBB /* PorizoAppTests */,
			);
			sourceTree = "<group>";
		};
		C125A4882F05F57600120F9A /* Products */ = {
			isa = PBXGroup;
			children = (
				C125A4872F05F57600120F9A /* PorizoApp.app */,
				FA4B246E9A4F023E692E0CEA /* PorizoAppTests.xctest */,
				A7B8C9D0E1F2A3B4C5D6E7F8 /* PorizoNotificationServiceExtension.appex */,
			);
			name = Products;
			sourceTree = "<group>";
		};
		C18260672F3701FB002A0AFA /* Products */ = {
			isa = PBXGroup;
			children = (
			);
			name = Products;
			sourceTree = "<group>";
		};
		C19580C52F31AD880023BE47 /* Products */ = {
			isa = PBXGroup;
			children = (
			);
			name = Products;
			sourceTree = "<group>";
		};
		C1958C962F31DC8E0023BE47 /* Products */ = {
			isa = PBXGroup;
			children = (
			);
			name = Products;
			sourceTree = "<group>";
		};
		C1958DA52F31FAB10023BE47 /* Products */ = {
			isa = PBXGroup;
			children = (
			);
			name = Products;
			sourceTree = "<group>";
		};
		C1958FCA2F334D5A0023BE47 /* Products */ = {
			isa = PBXGroup;
			children = (
			);
			name = Products;
			sourceTree = "<group>";
		};
		C19594D62F34AE420023BE47 /* Products */ = {
			isa = PBXGroup;
			children = (
			);
			name = Products;
			sourceTree = "<group>";
		};
		D3E9CCFCBDA2A9CA3FCA6EBB /* PorizoAppTests */ = {
			isa = PBXGroup;
			children = (
				H8I9J0K1L2M34N5O6P7Q8R9S /* AuthManagerTests.swift */,
				L2M3N4O5P6Q78R9S0T1U2V3W /* AuthManagerRaceConditionTests.swift */,
				J0K1L2M3N4O56P7Q8R9S0T1U /* AuthProtectedDataTests.swift */,
				D3CC5BD0977E42E99B50ADFF /* BackgroundTaskManagerTests.swift */,
				A5B6C7D8E9F01A2B3C4D5E6F /* BackgroundURLSessionManagerTests.swift */,
				2091207008B919635E18D36A /* PorizoAppTests.swift */,
				D1E2F3A4B5C60718293A4B5D /* WAVWriterTests.swift */,
				E2F3A4B5C6071829D4E5F6A7 /* RenderPollingServiceTests.swift */,
				F3A4B5C6D7182939E5F6A7B8 /* LocalNotificationServiceTests.swift */,
				G7H8I9J0K1L23M4N5O6P7Q8R /* PushNotificationTests.swift */,
				N4O5P6Q7R8S90T1U2V3W4X5Y /* PlaybackControllerTests.swift */,
				P6Q7R8S9T0U12V3W4X5Y6Z7A /* TrackCreationControllerTests.swift */,
				EE0CD6A49851A32FDCBA08D8 /* WarmCanvasFlowRobustnessTests.swift */,
				R8S9T0U1V2W34X5Y6Z7A8B9C /* LyricsReviewControllerTests.swift */,
			);
			name = PorizoAppTests;
			sourceTree = "<group>";
		};
		F42E208BD3CA9F975502FE9C /* Frameworks */ = {
			isa = PBXGroup;
			children = (
				0D8D034CB9C0CFD33FA9B9A2 /* iOS */,
				C21605D8656A2E544391B0FD /* AdServices.framework */,
			);
			name = Frameworks;
			sourceTree = "<group>";
		};
/* End PBXGroup section */

/* Begin PBXNativeTarget section */
		A3B4C5D6E7F8A9B0C1D2E3F4 /* PorizoNotificationServiceExtension */ = {
			isa = PBXNativeTarget;
			buildConfigurationList = B4C5D6E7F8A9B0C1D2E3F4A5 /* Build configuration list for PBXNativeTarget "PorizoNotificationServiceExtension" */;
			buildPhases = (
				E1F2A3B4C5D6E7F8A9B0C1D2 /* Sources */,
				C9D0E1F2A3B4C5D6E7F8A9B0 /* Frameworks */,
				D0E1F2A3B4C5D6E7F8A9B0C1 /* Resources */,
			);
			buildRules = (
			);
			dependencies = (
			);
			name = PorizoNotificationServiceExtension;
			productName = PorizoNotificationServiceExtension;
			productReference = A7B8C9D0E1F2A3B4C5D6E7F8 /* PorizoNotificationServiceExtension.appex */;
			productType = "com.apple.product-type.app-extension";
		};
		C125A4862F05F57600120F9A /* PorizoApp */ = {
			isa = PBXNativeTarget;
			buildConfigurationList = C125A4922F05F57800120F9A /* Build configuration list for PBXNativeTarget "PorizoApp" */;
			buildPhases = (
				C125A4832F05F57600120F9A /* Sources */,
				C125A4842F05F57600120F9A /* Frameworks */,
				C125A4852F05F57600120F9A /* Resources */,
				C173AAB12F247A0000DAC87A /* Firebase Crashlytics */,
			);
			buildRules = (
			);
			dependencies = (
				C5D6E7F8A9B0C1D2E3F4A5B6 /* PBXTargetDependency */,
			);
			fileSystemSynchronizedGroups = (
				C125A4892F05F57600120F9A /* PorizoApp */,
			);
			name = PorizoApp;
			packageProductDependencies = (
				8CBBA884DAF16B77F3B24AFC /* FacebookCore */,
			);
			productName = PorizoApp;
			productReference = C125A4872F05F57600120F9A /* PorizoApp.app */;
			productType = "com.apple.product-type.application";
		};
		F2177A4E3D37EAF8674921DA /* PorizoAppTests */ = {
			isa = PBXNativeTarget;
			buildConfigurationList = 24F9AF2797489857AB4B766E /* Build configuration list for PBXNativeTarget "PorizoAppTests" */;
			buildPhases = (
				373997B58716F645D7AB832C /* Sources */,
				66A18B33C5CE72703CE4F9D6 /* Frameworks */,
				E5D341E89744B5AADBA4A9F0 /* Resources */,
			);
			buildRules = (
			);
			dependencies = (
				5D702CCFA1A2369A225586B4 /* PBXTargetDependency */,
			);
			name = PorizoAppTests;
			productName = PorizoAppTests;
			productReference = FA4B246E9A4F023E692E0CEA /* PorizoAppTests.xctest */;
			productType = "com.apple.product-type.bundle.unit-test";
		};
/* End PBXNativeTarget section */

/* Begin PBXProject section */
		C125A47F2F05F57600120F9A /* Project object */ = {
			isa = PBXProject;
			attributes = {
				BuildIndependentTargetsInParallel = 1;
				LastSwiftUpdateCheck = 2600;
				LastUpgradeCheck = 2600;
				TargetAttributes = {
					A3B4C5D6E7F8A9B0C1D2E3F4 = {
						CreatedOnToolsVersion = 26.0;
					};
					C125A4862F05F57600120F9A = {
						CreatedOnToolsVersion = 26.0;
					};
				};
			};
			buildConfigurationList = C125A4822F05F57600120F9A /* Build configuration list for PBXProject "PorizoApp" */;
			developmentRegion = en;
			hasScannedForEncodings = 0;
			knownRegions = (
				en,
				Base,
			);
			mainGroup = C125A47E2F05F57600120F9A;
			minimizedProjectReferenceProxies = 1;
			packageReferences = (
				C173AAAC2F24754C00DAC87A /* XCRemoteSwiftPackageReference "firebase-ios-sdk" */,
				E9F14A2C5D7E8B9012345678 /* XCRemoteSwiftPackageReference "tiktok-opensdk-ios" */,
				D6E7F8A9B0C1D2E3F4A5B6C7 /* XCRemoteSwiftPackageReference "OneSignal-XCFramework" */,
				F1A2B3C4D5E6F7089A1B2C30 /* XCRemoteSwiftPackageReference "Amplitude-Swift" */,
				CC52155D818E6C869F8376D6 /* XCRemoteSwiftPackageReference "facebook-ios-sdk" */,
			);
			preferredProjectObjectVersion = 77;
			productRefGroup = C125A4882F05F57600120F9A /* Products */;
			projectDirPath = "";
			projectReferences = (
				{
					ProductGroup = C18260672F3701FB002A0AFA /* Products */;
					ProjectRef = C18260582F3701FB002A0AFA /* PorizoApp.xcodeproj */;
				},
				{
					ProductGroup = C19580C52F31AD880023BE47 /* Products */;
					ProjectRef = C19580C42F31AD880023BE47 /* PorizoApp.xcodeproj */;
				},
				{
					ProductGroup = C1958FCA2F334D5A0023BE47 /* Products */;
					ProjectRef = C1958FBB2F334D5A0023BE47 /* PorizoApp.xcodeproj */;
				},
				{
					ProductGroup = C1958C962F31DC8E0023BE47 /* Products */;
					ProjectRef = C1958C872F31DC8E0023BE47 /* PorizoApp.xcodeproj */;
				},
				{
					ProductGroup = C19594D62F34AE420023BE47 /* Products */;
					ProjectRef = C19594C72F34AE420023BE47 /* PorizoApp.xcodeproj */;
				},
				{
					ProductGroup = C1958DA52F31FAB10023BE47 /* Products */;
					ProjectRef = C1958D962F31FAB10023BE47 /* PorizoApp.xcodeproj */;
				},
			);
			projectRoot = "";
			targets = (
				C125A4862F05F57600120F9A /* PorizoApp */,
				F2177A4E3D37EAF8674921DA /* PorizoAppTests */,
				A3B4C5D6E7F8A9B0C1D2E3F4 /* PorizoNotificationServiceExtension */,
			);
		};
/* End PBXProject section */

/* Begin PBXResourcesBuildPhase section */
		C125A4852F05F57600120F9A /* Resources */ = {
			isa = PBXResourcesBuildPhase;
			buildActionMask = 2147483647;
			files = (
			);
			runOnlyForDeploymentPostprocessing = 0;
		};
		D0E1F2A3B4C5D6E7F8A9B0C1 /* Resources */ = {
			isa = PBXResourcesBuildPhase;
			buildActionMask = 2147483647;
			files = (
			);
			runOnlyForDeploymentPostprocessing = 0;
		};
		E5D341E89744B5AADBA4A9F0 /* Resources */ = {
			isa = PBXResourcesBuildPhase;
			buildActionMask = 2147483647;
			files = (
			);
			runOnlyForDeploymentPostprocessing = 0;
		};
/* End PBXResourcesBuildPhase section */

/* Begin PBXShellScriptBuildPhase section */
		C173AAB12F247A0000DAC87A /* Firebase Crashlytics */ = {
			isa = PBXShellScriptBuildPhase;
			buildActionMask = 2147483647;
			files = (
			);
			inputFileListPaths = (
			);
			inputPaths = (
				"${DWARF_DSYM_FOLDER_PATH}/${DWARF_DSYM_FILE_NAME}",
				"${DWARF_DSYM_FOLDER_PATH}/${DWARF_DSYM_FILE_NAME}/Contents/Resources/DWARF/${PRODUCT_NAME}",
				"${DWARF_DSYM_FOLDER_PATH}/${DWARF_DSYM_FILE_NAME}/Contents/Info.plist",
				"$(TARGET_BUILD_DIR)/$(UNLOCALIZED_RESOURCES_FOLDER_PATH)/GoogleService-Info.plist",
				"$(TARGET_BUILD_DIR)/$(EXECUTABLE_PATH)",
			);
			name = "Firebase Crashlytics";
			outputFileListPaths = (
			);
			outputPaths = (
				"$(DERIVED_FILE_DIR)/FirebaseCrashlyticsUpload.stamp",
			);
			runOnlyForDeploymentPostprocessing = 1;
			shellPath = /bin/sh;
			shellScript = "STAMP_PATH=\"${SCRIPT_OUTPUT_FILE_0}\"\n\n# Skip for simulator builds\nif [ \"$PLATFORM_NAME\" = \"iphonesimulator\" ]; then\n  echo \"Skipping Crashlytics dSYM upload for simulator build\"\n  touch \"$STAMP_PATH\"\n  exit 0\nfi\n\n# Find the Crashlytics run script - works for both regular and archive builds\nFIREBASE_SCRIPT=$(find \"${BUILD_DIR%Build/*}\" -path \"*/SourcePackages/checkouts/firebase-ios-sdk/Crashlytics/run\" 2>/dev/null | head -1)\n\nif [ -z \"$FIREBASE_SCRIPT\" ]; then\n  # Fallback to DerivedData root for archive builds\n  DERIVED_DATA_ROOT=$(echo \"$BUILD_DIR\" | sed 's|/Build/.*||')\n  FIREBASE_SCRIPT=\"${DERIVED_DATA_ROOT}/SourcePackages/checkouts/firebase-ios-sdk/Crashlytics/run\"\nfi\n\nif [ -f \"$FIREBASE_SCRIPT\" ]; then\n  \"$FIREBASE_SCRIPT\"\n  touch \"$STAMP_PATH\"\nelse\n  echo \"warning: Firebase Crashlytics run script not found at $FIREBASE_SCRIPT\"\n  touch \"$STAMP_PATH\"\nfi\n";
		};
/* End PBXShellScriptBuildPhase section */

/* Begin PBXSourcesBuildPhase section */
		373997B58716F645D7AB832C /* Sources */ = {
			isa = PBXSourcesBuildPhase;
			buildActionMask = 2147483647;
			files = (
				F7A8B9C0D1E2F3A4B5C6D7E8 /* AuthManagerTests.swift in Sources */,
				K1L2M3N4O5P67Q8R9S0T1U2V /* AuthManagerRaceConditionTests.swift in Sources */,
				I9J0K1L2M3N45O6P7Q8R9S0T /* AuthProtectedDataTests.swift in Sources */,
				94F467D80E53413686E7F658 /* BackgroundTaskManagerTests.swift in Sources */,
				D4E5F6A7B8C9182939F1A2B3 /* BackgroundURLSessionManagerTests.swift in Sources */,
				45A2AA8B02C81A1120DD8575 /* PorizoAppTests.swift in Sources */,
				A1B2C3D4E5F60718192A3B4C /* WAVWriterTests.swift in Sources */,
				B1C2D3E4F5061829A3B4C5D6 /* RenderPollingServiceTests.swift in Sources */,
				C2D3E4F5A6172839B4C5D6E7 /* LocalNotificationServiceTests.swift in Sources */,
				E6F7A8B9C0D12E3F4A5B6C7D /* PushNotificationTests.swift in Sources */,
				M3N4O5P6Q7R89S0T1U2V3W4X /* PlaybackControllerTests.swift in Sources */,
				O5P6Q7R8S9T01U2V3W4X5Y6Z /* TrackCreationControllerTests.swift in Sources */,
				47A444B550C8A4E76FB4B8B8 /* WarmCanvasFlowRobustnessTests.swift in Sources */,
				Q7R8S9T0U1V23W4X5Y6Z7A8B /* LyricsReviewControllerTests.swift in Sources */,
			);
			runOnlyForDeploymentPostprocessing = 0;
		};
		C125A4832F05F57600120F9A /* Sources */ = {
			isa = PBXSourcesBuildPhase;
			buildActionMask = 2147483647;
			files = (
			);
			runOnlyForDeploymentPostprocessing = 0;
		};
		E1F2A3B4C5D6E7F8A9B0C1D2 /* Sources */ = {
			isa = PBXSourcesBuildPhase;
			buildActionMask = 2147483647;
			files = (
				E5F6A7B8C9D0E1F2A3B4C5D6 /* NotificationService.swift in Sources */,
			);
			runOnlyForDeploymentPostprocessing = 0;
		};
/* End PBXSourcesBuildPhase section */

/* Begin PBXTargetDependency section */
		5D702CCFA1A2369A225586B4 /* PBXTargetDependency */ = {
			isa = PBXTargetDependency;
			name = PorizoApp;
			target = C125A4862F05F57600120F9A /* PorizoApp */;
			targetProxy = 957DF7FCC04AB2A4F86C7D0F /* PBXContainerItemProxy */;
		};
		C5D6E7F8A9B0C1D2E3F4A5B6 /* PBXTargetDependency */ = {
			isa = PBXTargetDependency;
			name = PorizoNotificationServiceExtension;
			target = A3B4C5D6E7F8A9B0C1D2E3F4 /* PorizoNotificationServiceExtension */;
			targetProxy = F2A3B4C5D6E7F8A9B0C1D2E3 /* PBXContainerItemProxy */;
		};
/* End PBXTargetDependency section */

/* Begin XCBuildConfiguration section */
		C125A4902F05F57800120F9A /* Debug */ = {
			isa = XCBuildConfiguration;
			buildSettings = {
				ALWAYS_SEARCH_USER_PATHS = NO;
				ASSETCATALOG_COMPILER_GENERATE_SWIFT_ASSET_SYMBOL_EXTENSIONS = YES;
				CLANG_ANALYZER_NONNULL = YES;
				CLANG_ANALYZER_NUMBER_OBJECT_CONVERSION = YES_AGGRESSIVE;
				CLANG_CXX_LANGUAGE_STANDARD = "gnu++20";
				CLANG_ENABLE_EXPLICIT_MODULES = YES;
				CLANG_ENABLE_MODULES = YES;
				CLANG_ENABLE_OBJC_ARC = YES;
				CLANG_ENABLE_OBJC_WEAK = YES;
				CLANG_WARN_BLOCK_CAPTURE_AUTORELEASING = YES;
				CLANG_WARN_BOOL_CONVERSION = YES;
				CLANG_WARN_COMMA = YES;
				CLANG_WARN_CONSTANT_CONVERSION = YES;
				CLANG_WARN_DEPRECATED_OBJC_IMPLEMENTATIONS = YES;
				CLANG_WARN_DIRECT_OBJC_ISA_USAGE = YES_ERROR;
				CLANG_WARN_DOCUMENTATION_COMMENTS = YES;
				CLANG_WARN_EMPTY_BODY = YES;
				CLANG_WARN_ENUM_CONVERSION = YES;
				CLANG_WARN_INFINITE_RECURSION = YES;
				CLANG_WARN_INT_CONVERSION = YES;
				CLANG_WARN_NON_LITERAL_NULL_CONVERSION = YES;
				CLANG_WARN_OBJC_IMPLICIT_RETAIN_SELF = YES;
				CLANG_WARN_OBJC_LITERAL_CONVERSION = YES;
				CLANG_WARN_OBJC_ROOT_CLASS = YES_ERROR;
				CLANG_WARN_QUOTED_INCLUDE_IN_FRAMEWORK_HEADER = YES;
				CLANG_WARN_RANGE_LOOP_ANALYSIS = YES;
				CLANG_WARN_STRICT_PROTOTYPES = YES;
				CLANG_WARN_SUSPICIOUS_MOVE = YES;
				CLANG_WARN_UNGUARDED_AVAILABILITY = YES_AGGRESSIVE;
				CLANG_WARN_UNREACHABLE_CODE = YES;
				CLANG_WARN__DUPLICATE_METHOD_MATCH = YES;
				COMPILATION_CACHE_ENABLE_CACHING = YES;
				COPY_PHASE_STRIP = NO;
				DEAD_CODE_STRIPPING = YES;
				DEBUG_INFORMATION_FORMAT = dwarf;
				DEVELOPMENT_TEAM = 5VCH6937XM;
				EAGER_LINKING = YES;
				ENABLE_DEBUG_DYLIB = YES;
				ENABLE_STRICT_OBJC_MSGSEND = YES;
				ENABLE_TESTABILITY = YES;
				ENABLE_USER_SCRIPT_SANDBOXING = NO;
				FUSE_BUILD_SCRIPT_PHASES = YES;
				GCC_C_LANGUAGE_STANDARD = gnu17;
				GCC_DYNAMIC_NO_PIC = NO;
				GCC_NO_COMMON_BLOCKS = YES;
				GCC_OPTIMIZATION_LEVEL = 0;
				GCC_PREPROCESSOR_DEFINITIONS = (
					"DEBUG=1",
					"$(inherited)",
				);
				GCC_WARN_64_TO_32_BIT_CONVERSION = YES;
				GCC_WARN_ABOUT_RETURN_TYPE = YES_ERROR;
				GCC_WARN_UNDECLARED_SELECTOR = YES;
				GCC_WARN_UNINITIALIZED_AUTOS = YES_AGGRESSIVE;
				GCC_WARN_UNUSED_FUNCTION = YES;
				GCC_WARN_UNUSED_VARIABLE = YES;
				IPHONEOS_DEPLOYMENT_TARGET = 17.0;
				LOCALIZATION_PREFERS_STRING_CATALOGS = YES;
				MTL_ENABLE_DEBUG_INFO = INCLUDE_SOURCE;
				MTL_FAST_MATH = YES;
				ONLY_ACTIVE_ARCH = YES;
				SDKROOT = iphoneos;
				SWIFT_ACTIVE_COMPILATION_CONDITIONS = "DEBUG $(inherited)";
				SWIFT_ENABLE_EXPLICIT_MODULES = YES;
				SWIFT_OPTIMIZATION_LEVEL = "-Onone";
			};
			name = Debug;
		};
		C125A4912F05F57800120F9A /* Release */ = {
			isa = XCBuildConfiguration;
			buildSettings = {
				ALWAYS_SEARCH_USER_PATHS = NO;
				ASSETCATALOG_COMPILER_GENERATE_SWIFT_ASSET_SYMBOL_EXTENSIONS = YES;
				CLANG_ANALYZER_NONNULL = YES;
				CLANG_ANALYZER_NUMBER_OBJECT_CONVERSION = YES_AGGRESSIVE;
				CLANG_CXX_LANGUAGE_STANDARD = "gnu++20";
				CLANG_ENABLE_EXPLICIT_MODULES = YES;
				CLANG_ENABLE_MODULES = YES;
				CLANG_ENABLE_OBJC_ARC = YES;
				CLANG_ENABLE_OBJC_WEAK = YES;
				CLANG_WARN_BLOCK_CAPTURE_AUTORELEASING = YES;
				CLANG_WARN_BOOL_CONVERSION = YES;
				CLANG_WARN_COMMA = YES;
				CLANG_WARN_CONSTANT_CONVERSION = YES;
				CLANG_WARN_DEPRECATED_OBJC_IMPLEMENTATIONS = YES;
				CLANG_WARN_DIRECT_OBJC_ISA_USAGE = YES_ERROR;
				CLANG_WARN_DOCUMENTATION_COMMENTS = YES;
				CLANG_WARN_EMPTY_BODY = YES;
				CLANG_WARN_ENUM_CONVERSION = YES;
				CLANG_WARN_INFINITE_RECURSION = YES;
				CLANG_WARN_INT_CONVERSION = YES;
				CLANG_WARN_NON_LITERAL_NULL_CONVERSION = YES;
				CLANG_WARN_OBJC_IMPLICIT_RETAIN_SELF = YES;
				CLANG_WARN_OBJC_LITERAL_CONVERSION = YES;
				CLANG_WARN_OBJC_ROOT_CLASS = YES_ERROR;
				CLANG_WARN_QUOTED_INCLUDE_IN_FRAMEWORK_HEADER = YES;
				CLANG_WARN_RANGE_LOOP_ANALYSIS = YES;
				CLANG_WARN_STRICT_PROTOTYPES = YES;
				CLANG_WARN_SUSPICIOUS_MOVE = YES;
				CLANG_WARN_UNGUARDED_AVAILABILITY = YES_AGGRESSIVE;
				CLANG_WARN_UNREACHABLE_CODE = YES;
				CLANG_WARN__DUPLICATE_METHOD_MATCH = YES;
				COMPILATION_CACHE_ENABLE_CACHING = YES;
				COPY_PHASE_STRIP = NO;
				DEAD_CODE_STRIPPING = YES;
				DEBUG_INFORMATION_FORMAT = "dwarf-with-dsym";
				DEVELOPMENT_TEAM = 5VCH6937XM;
				EAGER_LINKING = YES;
				ENABLE_NS_ASSERTIONS = NO;
				ENABLE_STRICT_OBJC_MSGSEND = YES;
				ENABLE_TESTABILITY = NO;
				ENABLE_USER_SCRIPT_SANDBOXING = NO;
				GCC_C_LANGUAGE_STANDARD = gnu17;
				GCC_NO_COMMON_BLOCKS = YES;
				GCC_WARN_64_TO_32_BIT_CONVERSION = YES;
				GCC_WARN_ABOUT_RETURN_TYPE = YES_ERROR;
				GCC_WARN_UNDECLARED_SELECTOR = YES;
				GCC_WARN_UNINITIALIZED_AUTOS = YES_AGGRESSIVE;
				GCC_WARN_UNUSED_FUNCTION = YES;
				GCC_WARN_UNUSED_VARIABLE = YES;
				IPHONEOS_DEPLOYMENT_TARGET = 17.0;
				LOCALIZATION_PREFERS_STRING_CATALOGS = YES;
				MTL_ENABLE_DEBUG_INFO = NO;
				MTL_FAST_MATH = YES;
				SDKROOT = iphoneos;
				STRIP_SWIFT_SYMBOLS = YES;
				SWIFT_COMPILATION_MODE = wholemodule;
				SWIFT_ENABLE_EXPLICIT_MODULES = YES;
				VALIDATE_PRODUCT = YES;
			};
			name = Release;
		};
		C125A4932F05F57800120F9A /* Debug */ = {
			isa = XCBuildConfiguration;
			buildSettings = {
				ASSETCATALOG_COMPILER_APPICON_NAME = AppIcon;
				ASSETCATALOG_COMPILER_GLOBAL_ACCENT_COLOR_NAME = AccentColor;
				CODE_SIGN_ENTITLEMENTS = PorizoApp/PorizoApp.entitlements;
				CODE_SIGN_STYLE = Automatic;
				CURRENT_PROJECT_VERSION = 97;
				DEVELOPMENT_TEAM = 5VCH6937XM;
				ENABLE_PREVIEWS = YES;
				EXCLUDED_SOURCE_FILE_NAMES = CLAUDE.md;
				GENERATE_INFOPLIST_FILE = NO;
				INFOPLIST_FILE = "$(SRCROOT)/Info.plist";
				INFOPLIST_KEY_NSContactsUsageDescription = "Porizo uses your contacts so you can quickly choose who should receive a gift.";
				INFOPLIST_KEY_NSMicrophoneUsageDescription = "Porizo needs microphone access to record your voice for personalized songs";
				INFOPLIST_KEY_UIApplicationSceneManifest_Generation = YES;
				INFOPLIST_KEY_UIApplicationSupportsIndirectInputEvents = YES;
				INFOPLIST_KEY_UILaunchScreen_Generation = YES;
				INFOPLIST_KEY_UISupportedInterfaceOrientations_iPad = "UIInterfaceOrientationPortrait UIInterfaceOrientationPortraitUpsideDown UIInterfaceOrientationLandscapeLeft UIInterfaceOrientationLandscapeRight";
				INFOPLIST_KEY_UISupportedInterfaceOrientations_iPhone = "UIInterfaceOrientationPortrait UIInterfaceOrientationLandscapeLeft UIInterfaceOrientationLandscapeRight";
				LD_RUNPATH_SEARCH_PATHS = (
					"$(inherited)",
					"@executable_path/Frameworks",
				);
				MARKETING_VERSION = 1.5.4;
				PORIZO_FACEBOOK_ADS_APP_ID = 1984455025792561;
				PORIZO_FACEBOOK_CLIENT_TOKEN = 5f5ef71af5f6f046f514bccf946c7c0f;
				PORIZO_TIKTOK_BUSINESS_ACCESS_TOKEN = "";
				PORIZO_TIKTOK_BUSINESS_TIKTOK_APP_ID = "";
				PORIZO_TIKTOK_CLIENT_KEY = porizotiktokplaceholder;
				PORIZO_TIKTOK_REDIRECT_URI = "https://porizo.co/tiktok/share-callback";
				PRODUCT_BUNDLE_IDENTIFIER = porizo.ios.app.PorizoApp;
				PRODUCT_NAME = "$(TARGET_NAME)";
				STRING_CATALOG_GENERATE_SYMBOLS = YES;
				SWIFT_APPROACHABLE_CONCURRENCY = YES;
				SWIFT_EMIT_LOC_STRINGS = YES;
				SWIFT_UPCOMING_FEATURE_MEMBER_IMPORT_VISIBILITY = YES;
				SWIFT_VERSION = 5.0;
				TARGETED_DEVICE_FAMILY = "1,2";
			};
			name = Debug;
		};
		C125A4942F05F57800120F9A /* Release */ = {
			isa = XCBuildConfiguration;
			buildSettings = {
				ASSETCATALOG_COMPILER_APPICON_NAME = AppIcon;
				ASSETCATALOG_COMPILER_GLOBAL_ACCENT_COLOR_NAME = AccentColor;
				CODE_SIGN_ENTITLEMENTS = PorizoApp/PorizoApp.entitlements;
				CODE_SIGN_STYLE = Automatic;
				CURRENT_PROJECT_VERSION = 97;
				DEVELOPMENT_TEAM = 5VCH6937XM;
				ENABLE_PREVIEWS = YES;
				EXCLUDED_SOURCE_FILE_NAMES = CLAUDE.md;
				GENERATE_INFOPLIST_FILE = NO;
				INFOPLIST_FILE = "$(SRCROOT)/Info.plist";
				INFOPLIST_KEY_NSContactsUsageDescription = "Porizo uses your contacts so you can quickly choose who should receive a gift.";
				INFOPLIST_KEY_NSMicrophoneUsageDescription = "Porizo needs microphone access to record your voice for personalized songs";
				INFOPLIST_KEY_UIApplicationSceneManifest_Generation = YES;
				INFOPLIST_KEY_UIApplicationSupportsIndirectInputEvents = YES;
				INFOPLIST_KEY_UILaunchScreen_Generation = YES;
				INFOPLIST_KEY_UISupportedInterfaceOrientations_iPad = "UIInterfaceOrientationPortrait UIInterfaceOrientationPortraitUpsideDown UIInterfaceOrientationLandscapeLeft UIInterfaceOrientationLandscapeRight";
				INFOPLIST_KEY_UISupportedInterfaceOrientations_iPhone = "UIInterfaceOrientationPortrait UIInterfaceOrientationLandscapeLeft UIInterfaceOrientationLandscapeRight";
				LD_RUNPATH_SEARCH_PATHS = (
					"$(inherited)",
					"@executable_path/Frameworks",
				);
				MARKETING_VERSION = 1.5.4;
				PORIZO_FACEBOOK_ADS_APP_ID = 1984455025792561;
				PORIZO_FACEBOOK_CLIENT_TOKEN = 5f5ef71af5f6f046f514bccf946c7c0f;
				PORIZO_TIKTOK_BUSINESS_ACCESS_TOKEN = "";
				PORIZO_TIKTOK_BUSINESS_TIKTOK_APP_ID = "";
				PORIZO_TIKTOK_CLIENT_KEY = porizotiktokplaceholder;
				PORIZO_TIKTOK_REDIRECT_URI = "https://porizo.co/tiktok/share-callback";
				PRODUCT_BUNDLE_IDENTIFIER = porizo.ios.app.PorizoApp;
				PRODUCT_NAME = "$(TARGET_NAME)";
				STRING_CATALOG_GENERATE_SYMBOLS = YES;
				SWIFT_APPROACHABLE_CONCURRENCY = YES;
				SWIFT_EMIT_LOC_STRINGS = YES;
				SWIFT_UPCOMING_FEATURE_MEMBER_IMPORT_VISIBILITY = YES;
				SWIFT_VERSION = 5.0;
				TARGETED_DEVICE_FAMILY = "1,2";
			};
			name = Release;
		};
		D64D734517A111905134636D /* Debug */ = {
			isa = XCBuildConfiguration;
			buildSettings = {
				BUNDLE_LOADER = "$(TEST_HOST)";
				CLANG_ENABLE_OBJC_WEAK = NO;
				GENERATE_INFOPLIST_FILE = YES;
				IPHONEOS_DEPLOYMENT_TARGET = 17.0;
				PRODUCT_BUNDLE_IDENTIFIER = porizo.ios.app.PorizoAppTests;
				PRODUCT_NAME = "$(TARGET_NAME)";
				SDKROOT = iphoneos;
				SWIFT_VERSION = 5.0;
				TARGETED_DEVICE_FAMILY = "1,2";
				TEST_HOST = "$(BUILT_PRODUCTS_DIR)/PorizoApp.app/PorizoApp";
			};
			name = Debug;
		};
		E7F8A9B0C1D2E3F4A5B6C7D8 /* Debug */ = {
			isa = XCBuildConfiguration;
			buildSettings = {
				CODE_SIGN_STYLE = Automatic;
				CURRENT_PROJECT_VERSION = 97;
				DEVELOPMENT_TEAM = 5VCH6937XM;
				GENERATE_INFOPLIST_FILE = YES;
				INFOPLIST_FILE = PorizoNotificationServiceExtension/Info.plist;
				INFOPLIST_KEY_CFBundleDisplayName = PorizoNotificationServiceExtension;
				INFOPLIST_KEY_NSHumanReadableCopyright = "";
				IPHONEOS_DEPLOYMENT_TARGET = 17.0;
				LD_RUNPATH_SEARCH_PATHS = (
					"$(inherited)",
					"@executable_path/Frameworks",
					"@executable_path/../../Frameworks",
				);
				MARKETING_VERSION = 1.5.4;
				PRODUCT_BUNDLE_IDENTIFIER = porizo.ios.app.PorizoApp.NotificationServiceExtension;
				PRODUCT_NAME = "$(TARGET_NAME)";
				SKIP_INSTALL = YES;
				SWIFT_EMIT_LOC_STRINGS = YES;
				SWIFT_VERSION = 5.0;
				TARGETED_DEVICE_FAMILY = "1,2";
			};
			name = Debug;
		};
		F2177BE9D7B0CCC777DBB038 /* Release */ = {
			isa = XCBuildConfiguration;
			buildSettings = {
				BUNDLE_LOADER = "$(TEST_HOST)";
				CLANG_ENABLE_OBJC_WEAK = NO;
				GENERATE_INFOPLIST_FILE = YES;
				IPHONEOS_DEPLOYMENT_TARGET = 17.0;
				PRODUCT_BUNDLE_IDENTIFIER = porizo.ios.app.PorizoAppTests;
				PRODUCT_NAME = "$(TARGET_NAME)";
				SDKROOT = iphoneos;
				SWIFT_VERSION = 5.0;
				TARGETED_DEVICE_FAMILY = "1,2";
				TEST_HOST = "$(BUILT_PRODUCTS_DIR)/PorizoApp.app/PorizoApp";
				VALIDATE_PRODUCT = YES;
			};
			name = Release;
		};
		F8A9B0C1D2E3F4A5B6C7D8E9 /* Release */ = {
			isa = XCBuildConfiguration;
			buildSettings = {
				CODE_SIGN_STYLE = Automatic;
				CURRENT_PROJECT_VERSION = 97;
				DEVELOPMENT_TEAM = 5VCH6937XM;
				GENERATE_INFOPLIST_FILE = YES;
				INFOPLIST_FILE = PorizoNotificationServiceExtension/Info.plist;
				INFOPLIST_KEY_CFBundleDisplayName = PorizoNotificationServiceExtension;
				INFOPLIST_KEY_NSHumanReadableCopyright = "";
				IPHONEOS_DEPLOYMENT_TARGET = 17.0;
				LD_RUNPATH_SEARCH_PATHS = (
					"$(inherited)",
					"@executable_path/Frameworks",
					"@executable_path/../../Frameworks",
				);
				MARKETING_VERSION = 1.5.4;
				PRODUCT_BUNDLE_IDENTIFIER = porizo.ios.app.PorizoApp.NotificationServiceExtension;
				PRODUCT_NAME = "$(TARGET_NAME)";
				SKIP_INSTALL = YES;
				SWIFT_EMIT_LOC_STRINGS = YES;
				SWIFT_VERSION = 5.0;
				TARGETED_DEVICE_FAMILY = "1,2";
			};
			name = Release;
		};
/* End XCBuildConfiguration section */

/* Begin XCConfigurationList section */
		24F9AF2797489857AB4B766E /* Build configuration list for PBXNativeTarget "PorizoAppTests" */ = {
			isa = XCConfigurationList;
			buildConfigurations = (
				F2177BE9D7B0CCC777DBB038 /* Release */,
				D64D734517A111905134636D /* Debug */,
			);
			defaultConfigurationIsVisible = 0;
			defaultConfigurationName = Release;
		};
		B4C5D6E7F8A9B0C1D2E3F4A5 /* Build configuration list for PBXNativeTarget "PorizoNotificationServiceExtension" */ = {
			isa = XCConfigurationList;
			buildConfigurations = (
				E7F8A9B0C1D2E3F4A5B6C7D8 /* Debug */,
				F8A9B0C1D2E3F4A5B6C7D8E9 /* Release */,
			);
			defaultConfigurationIsVisible = 0;
			defaultConfigurationName = Release;
		};
		C125A4822F05F57600120F9A /* Build configuration list for PBXProject "PorizoApp" */ = {
			isa = XCConfigurationList;
			buildConfigurations = (
				C125A4902F05F57800120F9A /* Debug */,
				C125A4912F05F57800120F9A /* Release */,
			);
			defaultConfigurationIsVisible = 0;
			defaultConfigurationName = Release;
		};
		C125A4922F05F57800120F9A /* Build configuration list for PBXNativeTarget "PorizoApp" */ = {
			isa = XCConfigurationList;
			buildConfigurations = (
				C125A4932F05F57800120F9A /* Debug */,
				C125A4942F05F57800120F9A /* Release */,
			);
			defaultConfigurationIsVisible = 0;
			defaultConfigurationName = Release;
		};
/* End XCConfigurationList section */

/* Begin XCRemoteSwiftPackageReference section */
		C173AAAC2F24754C00DAC87A /* XCRemoteSwiftPackageReference "firebase-ios-sdk" */ = {
			isa = XCRemoteSwiftPackageReference;
			repositoryURL = "https://github.com/firebase/firebase-ios-sdk";
			requirement = {
				kind = upToNextMajorVersion;
				minimumVersion = 12.8.0;
			};
		};
		CC52155D818E6C869F8376D6 /* XCRemoteSwiftPackageReference "facebook-ios-sdk" */ = {
			isa = XCRemoteSwiftPackageReference;
			repositoryURL = "https://github.com/facebook/facebook-ios-sdk";
			requirement = {
				kind = upToNextMajorVersion;
				minimumVersion = 18.0.0;
			};
		};
		D6E7F8A9B0C1D2E3F4A5B6C7 /* XCRemoteSwiftPackageReference "OneSignal-XCFramework" */ = {
			isa = XCRemoteSwiftPackageReference;
			repositoryURL = "https://github.com/OneSignal/OneSignal-XCFramework.git";
			requirement = {
				kind = upToNextMajorVersion;
				minimumVersion = 5.0.0;
			};
		};
		E9F14A2C5D7E8B9012345678 /* XCRemoteSwiftPackageReference "tiktok-opensdk-ios" */ = {
			isa = XCRemoteSwiftPackageReference;
			repositoryURL = "https://github.com/tiktok/tiktok-opensdk-ios";
			requirement = {
				kind = upToNextMajorVersion;
				minimumVersion = 2.5.0;
			};
		};
		F1A2B3C4D5E6F7089A1B2C30 /* XCRemoteSwiftPackageReference "Amplitude-Swift" */ = {
			isa = XCRemoteSwiftPackageReference;
			repositoryURL = "https://github.com/amplitude/Amplitude-Swift";
			requirement = {
				kind = upToNextMajorVersion;
				minimumVersion = 1.0.0;
			};
		};
/* End XCRemoteSwiftPackageReference section */

/* Begin XCSwiftPackageProductDependency section */
		8CBBA884DAF16B77F3B24AFC /* FacebookCore */ = {
			isa = XCSwiftPackageProductDependency;
			package = CC52155D818E6C869F8376D6 /* XCRemoteSwiftPackageReference "facebook-ios-sdk" */;
			productName = FacebookCore;
		};
		B2C3D4E5F6A7B8C9D0E1F2A3 /* OneSignalFramework */ = {
			isa = XCSwiftPackageProductDependency;
			package = D6E7F8A9B0C1D2E3F4A5B6C7 /* XCRemoteSwiftPackageReference "OneSignal-XCFramework" */;
			productName = OneSignalFramework;
		};
		C173AAAF2F24754C00DAC87A /* FirebaseCrashlytics */ = {
			isa = XCSwiftPackageProductDependency;
			package = C173AAAC2F24754C00DAC87A /* XCRemoteSwiftPackageReference "firebase-ios-sdk" */;
			productName = FirebaseCrashlytics;
		};
		C173AAB12F24754C00DAC87B /* FirebaseAnalytics */ = {
			isa = XCSwiftPackageProductDependency;
			package = C173AAAC2F24754C00DAC87A /* XCRemoteSwiftPackageReference "firebase-ios-sdk" */;
			productName = FirebaseAnalyticsCore;
		};
		D4E5F6A7B8C9D0E1F2A3B4C5 /* OneSignalExtension */ = {
			isa = XCSwiftPackageProductDependency;
			package = D6E7F8A9B0C1D2E3F4A5B6C7 /* XCRemoteSwiftPackageReference "OneSignal-XCFramework" */;
			productName = OneSignalExtension;
		};
		E9F14A2D5D7E8B9012345678 /* TikTokOpenSDKCore */ = {
			isa = XCSwiftPackageProductDependency;
			package = E9F14A2C5D7E8B9012345678 /* XCRemoteSwiftPackageReference "tiktok-opensdk-ios" */;
			productName = TikTokOpenSDKCore;
		};
		E9F14A2E5D7E8B9012345678 /* TikTokOpenShareSDK */ = {
			isa = XCSwiftPackageProductDependency;
			package = E9F14A2C5D7E8B9012345678 /* XCRemoteSwiftPackageReference "tiktok-opensdk-ios" */;
			productName = TikTokOpenShareSDK;
		};
		F1A2B3C4D5E6F7089A1B2C3E /* AmplitudeSwift */ = {
			isa = XCSwiftPackageProductDependency;
			package = F1A2B3C4D5E6F7089A1B2C30 /* XCRemoteSwiftPackageReference "Amplitude-Swift" */;
			productName = AmplitudeSwift;
		};
/* End XCSwiftPackageProductDependency section */
	};
	rootObject = C125A47F2F05F57600120F9A /* Project object */;
}
